// !$*UTF8*$!
{
	archiveVersion = 1;
	classes = {
	};
	objectVersion = 46;
	objects = {

/* Begin PBXBuildFile section */
		AF91C1631CD753E900633754 /* AppDelegate.swift in Sources */ = {isa = PBXBuildFile; fileRef = AF91C1621CD753E900633754 /* AppDelegate.swift */; };
		AF91C1681CD753E900633754 /* Main.storyboard in Resources */ = {isa = PBXBuildFile; fileRef = AF91C1661CD753E900633754 /* Main.storyboard */; };
		AF91C16A1CD753E900633754 /* Assets.xcassets in Resources */ = {isa = PBXBuildFile; fileRef = AF91C1691CD753E900633754 /* Assets.xcassets */; };
		AF91C16D1CD753E900633754 /* LaunchScreen.storyboard in Resources */ = {isa = PBXBuildFile; fileRef = AF91C16B1CD753E900633754 /* LaunchScreen.storyboard */; };
		AF91C1781CD753EA00633754 /* JokesTests.swift in Sources */ = {isa = PBXBuildFile; fileRef = AF91C1771CD753EA00633754 /* JokesTests.swift */; };
		AF91C1831CD753EA00633754 /* JokesUITests.swift in Sources */ = {isa = PBXBuildFile; fileRef = AF91C1821CD753EA00633754 /* JokesUITests.swift */; };
		AF91C1D01CD758DE00633754 /* JokeCellTableViewCell.swift in Sources */ = {isa = PBXBuildFile; fileRef = AF91C1CF1CD758DE00633754 /* JokeCellTableViewCell.swift */; };
		AF91C1D21CD7590B00633754 /* LoginViewController.swift in Sources */ = {isa = PBXBuildFile; fileRef = AF91C1D11CD7590B00633754 /* LoginViewController.swift */; };
		AF91C1D41CD7591B00633754 /* CreateAccountViewController.swift in Sources */ = {isa = PBXBuildFile; fileRef = AF91C1D31CD7591B00633754 /* CreateAccountViewController.swift */; };
		AF91C1D61CD7593100633754 /* AddJokeViewController.swift in Sources */ = {isa = PBXBuildFile; fileRef = AF91C1D51CD7593100633754 /* AddJokeViewController.swift */; };
		AF91C1D81CD7594700633754 /* JokesFeedTableViewController.swift in Sources */ = {isa = PBXBuildFile; fileRef = AF91C1D71CD7594700633754 /* JokesFeedTableViewController.swift */; };
		AF91C1DA1CD7595B00633754 /* Joke.swift in Sources */ = {isa = PBXBuildFile; fileRef = AF91C1D91CD7595B00633754 /* Joke.swift */; };
		AF91C1DC1CD7596900633754 /* DataService.swift in Sources */ = {isa = PBXBuildFile; fileRef = AF91C1DB1CD7596900633754 /* DataService.swift */; };
		AF91C1DE1CD7597700633754 /* Constants.swift in Sources */ = {isa = PBXBuildFile; fileRef = AF91C1DD1CD7597700633754 /* Constants.swift */; };
		AF91C1EA1CD7796700633754 /* Bolts.framework in Frameworks */ = {isa = PBXBuildFile; fileRef = AF91C1E71CD7796700633754 /* Bolts.framework */; };
		AF91C1EB1CD7796700633754 /* FBSDKCoreKit.framework in Frameworks */ = {isa = PBXBuildFile; fileRef = AF91C1E81CD7796700633754 /* FBSDKCoreKit.framework */; };
		AF91C1EC1CD7796700633754 /* FBSDKLoginKit.framework in Frameworks */ = {isa = PBXBuildFile; fileRef = AF91C1E91CD7796700633754 /* FBSDKLoginKit.framework */; };
		CB8A8538EBFDECAAFB7A071D /* Pods_Jokes.framework in Frameworks */ = {isa = PBXBuildFile; fileRef = DD3F5D20CDE2FBF256D83CDE /* Pods_Jokes.framework */; };
/* End PBXBuildFile section */

/* Begin PBXContainerItemProxy section */
		AF91C1741CD753EA00633754 /* PBXContainerItemProxy */ = {
			isa = PBXContainerItemProxy;
			containerPortal = AF91C1571CD753E900633754 /* Project object */;
			proxyType = 1;
			remoteGlobalIDString = AF91C15E1CD753E900633754;
			remoteInfo = Jokes;
		};
		AF91C17F1CD753EA00633754 /* PBXContainerItemProxy */ = {
			isa = PBXContainerItemProxy;
			containerPortal = AF91C1571CD753E900633754 /* Project object */;
			proxyType = 1;
			remoteGlobalIDString = AF91C15E1CD753E900633754;
			remoteInfo = Jokes;
		};
/* End PBXContainerItemProxy section */

/* Begin PBXFileReference section */
		3D3C6E772D265048363517BC /* Pods-Jokes.release.xcconfig */ = {isa = PBXFileReference; includeInIndex = 1; lastKnownFileType = text.xcconfig; name = "Pods-Jokes.release.xcconfig"; path = "Pods/Target Support Files/Pods-Jokes/Pods-Jokes.release.xcconfig"; sourceTree = "<group>"; };
		AF91C15F1CD753E900633754 /* Jokes.app */ = {isa = PBXFileReference; explicitFileType = wrapper.application; includeInIndex = 0; path = Jokes.app; sourceTree = BUILT_PRODUCTS_DIR; };
		AF91C1621CD753E900633754 /* AppDelegate.swift */ = {isa = PBXFileReference; lastKnownFileType = sourcecode.swift; path = AppDelegate.swift; sourceTree = "<group>"; };
		AF91C1671CD753E900633754 /* Base */ = {isa = PBXFileReference; lastKnownFileType = file.storyboard; name = Base; path = Base.lproj/Main.storyboard; sourceTree = "<group>"; };
		AF91C1691CD753E900633754 /* Assets.xcassets */ = {isa = PBXFileReference; lastKnownFileType = folder.assetcatalog; path = Assets.xcassets; sourceTree = "<group>"; };
		AF91C16C1CD753E900633754 /* Base */ = {isa = PBXFileReference; lastKnownFileType = file.storyboard; name = Base; path = Base.lproj/LaunchScreen.storyboard; sourceTree = "<group>"; };
		AF91C16E1CD753E900633754 /* Info.plist */ = {isa = PBXFileReference; lastKnownFileType = text.plist.xml; path = Info.plist; sourceTree = "<group>"; };
		AF91C1731CD753EA00633754 /* JokesTests.xctest */ = {isa = PBXFileReference; explicitFileType = wrapper.cfbundle; includeInIndex = 0; path = JokesTests.xctest; sourceTree = BUILT_PRODUCTS_DIR; };
		AF91C1771CD753EA00633754 /* JokesTests.swift */ = {isa = PBXFileReference; lastKnownFileType = sourcecode.swift; path = JokesTests.swift; sourceTree = "<group>"; };
		AF91C1791CD753EA00633754 /* Info.plist */ = {isa = PBXFileReference; lastKnownFileType = text.plist.xml; path = Info.plist; sourceTree = "<group>"; };
		AF91C17E1CD753EA00633754 /* JokesUITests.xctest */ = {isa = PBXFileReference; explicitFileType = wrapper.cfbundle; includeInIndex = 0; path = JokesUITests.xctest; sourceTree = BUILT_PRODUCTS_DIR; };
		AF91C1821CD753EA00633754 /* JokesUITests.swift */ = {isa = PBXFileReference; lastKnownFileType = sourcecode.swift; path = JokesUITests.swift; sourceTree = "<group>"; };
		AF91C1841CD753EA00633754 /* Info.plist */ = {isa = PBXFileReference; lastKnownFileType = text.plist.xml; path = Info.plist; sourceTree = "<group>"; };
		AF91C1CF1CD758DE00633754 /* JokeCellTableViewCell.swift */ = {isa = PBXFileReference; fileEncoding = 4; lastKnownFileType = sourcecode.swift; path = JokeCellTableViewCell.swift; sourceTree = "<group>"; };
		AF91C1D11CD7590B00633754 /* LoginViewController.swift */ = {isa = PBXFileReference; fileEncoding = 4; lastKnownFileType = sourcecode.swift; path = LoginViewController.swift; sourceTree = "<group>"; };
		AF91C1D31CD7591B00633754 /* CreateAccountViewController.swift */ = {isa = PBXFileReference; fileEncoding = 4; lastKnownFileType = sourcecode.swift; path = CreateAccountViewController.swift; sourceTree = "<group>"; };
		AF91C1D51CD7593100633754 /* AddJokeViewController.swift */ = {isa = PBXFileReference; fileEncoding = 4; lastKnownFileType = sourcecode.swift; path = AddJokeViewController.swift; sourceTree = "<group>"; };
		AF91C1D71CD7594700633754 /* JokesFeedTableViewController.swift */ = {isa = PBXFileReference; fileEncoding = 4; lastKnownFileType = sourcecode.swift; path = JokesFeedTableViewController.swift; sourceTree = "<group>"; };
		AF91C1D91CD7595B00633754 /* Joke.swift */ = {isa = PBXFileReference; fileEncoding = 4; lastKnownFileType = sourcecode.swift; path = Joke.swift; sourceTree = "<group>"; };
		AF91C1DB1CD7596900633754 /* DataService.swift */ = {isa = PBXFileReference; fileEncoding = 4; lastKnownFileType = sourcecode.swift; path = DataService.swift; sourceTree = "<group>"; };
		AF91C1DD1CD7597700633754 /* Constants.swift */ = {isa = PBXFileReference; fileEncoding = 4; lastKnownFileType = sourcecode.swift; path = Constants.swift; sourceTree = "<group>"; };
		AF91C1E71CD7796700633754 /* Bolts.framework */ = {isa = PBXFileReference; lastKnownFileType = wrapper.framework; path = Bolts.framework; sourceTree = "<group>"; };
		AF91C1E81CD7796700633754 /* FBSDKCoreKit.framework */ = {isa = PBXFileReference; lastKnownFileType = wrapper.framework; path = FBSDKCoreKit.framework; sourceTree = "<group>"; };
		AF91C1E91CD7796700633754 /* FBSDKLoginKit.framework */ = {isa = PBXFileReference; lastKnownFileType = wrapper.framework; path = FBSDKLoginKit.framework; sourceTree = "<group>"; };
		B45DA3569F15DFF8765ABC6F /* Pods-Jokes.debug.xcconfig */ = {isa = PBXFileReference; includeInIndex = 1; lastKnownFileType = text.xcconfig; name = "Pods-Jokes.debug.xcconfig"; path = "Pods/Target Support Files/Pods-Jokes/Pods-Jokes.debug.xcconfig"; sourceTree = "<group>"; };
		DD3F5D20CDE2FBF256D83CDE /* Pods_Jokes.framework */ = {isa = PBXFileReference; explicitFileType = wrapper.framework; includeInIndex = 0; path = Pods_Jokes.framework; sourceTree = BUILT_PRODUCTS_DIR; };
/* End PBXFileReference section */

/* Begin PBXFrameworksBuildPhase section */
		AF91C15C1CD753E900633754 /* Frameworks */ = {
			isa = PBXFrameworksBuildPhase;
			buildActionMask = 2147483647;
			files = (
				CB8A8538EBFDECAAFB7A071D /* Pods_Jokes.framework in Frameworks */,
				AF91C1EB1CD7796700633754 /* FBSDKCoreKit.framework in Frameworks */,
				AF91C1EC1CD7796700633754 /* FBSDKLoginKit.framework in Frameworks */,
				AF91C1EA1CD7796700633754 /* Bolts.framework in Frameworks */,
			);
			runOnlyForDeploymentPostprocessing = 0;
		};
		AF91C1701CD753EA00633754 /* Frameworks */ = {
			isa = PBXFrameworksBuildPhase;
			buildActionMask = 2147483647;
			files = (
			);
			runOnlyForDeploymentPostprocessing = 0;
		};
		AF91C17B1CD753EA00633754 /* Frameworks */ = {
			isa = PBXFrameworksBuildPhase;
			buildActionMask = 2147483647;
			files = (
			);
			runOnlyForDeploymentPostprocessing = 0;
		};
/* End PBXFrameworksBuildPhase section */

/* Begin PBXGroup section */
		1B7D4FCCFA240DDB288FC86A /* Pods */ = {
			isa = PBXGroup;
			children = (
				B45DA3569F15DFF8765ABC6F /* Pods-Jokes.debug.xcconfig */,
				3D3C6E772D265048363517BC /* Pods-Jokes.release.xcconfig */,
			);
			name = Pods;
			sourceTree = "<group>";
		};
		3FB6CD12076CA75ED57327A0 /* Frameworks */ = {
			isa = PBXGroup;
			children = (
				DD3F5D20CDE2FBF256D83CDE /* Pods_Jokes.framework */,
			);
			name = Frameworks;
			sourceTree = "<group>";
		};
		AF91C1561CD753E900633754 = {
			isa = PBXGroup;
			children = (
				AF91C1611CD753E900633754 /* Jokes */,
				AF91C1761CD753EA00633754 /* JokesTests */,
				AF91C1811CD753EA00633754 /* JokesUITests */,
				AF91C1601CD753E900633754 /* Products */,
				1B7D4FCCFA240DDB288FC86A /* Pods */,
				3FB6CD12076CA75ED57327A0 /* Frameworks */,
			);
			sourceTree = "<group>";
		};
		AF91C1601CD753E900633754 /* Products */ = {
			isa = PBXGroup;
			children = (
				AF91C15F1CD753E900633754 /* Jokes.app */,
				AF91C1731CD753EA00633754 /* JokesTests.xctest */,
				AF91C17E1CD753EA00633754 /* JokesUITests.xctest */,
			);
			name = Products;
			sourceTree = "<group>";
		};
		AF91C1611CD753E900633754 /* Jokes */ = {
			isa = PBXGroup;
			children = (
				AF91C1E61CD7794F00633754 /* Frameworks */,
				AF91C1CA1CD7579300633754 /* Utility */,
				AF91C1CB1CD7579F00633754 /* Service */,
				AF91C1CC1CD757A800633754 /* Model */,
				AF91C1CD1CD757AE00633754 /* Controller */,
				AF91C1CE1CD757B600633754 /* View */,
				AF91C1621CD753E900633754 /* AppDelegate.swift */,
				AF91C1661CD753E900633754 /* Main.storyboard */,
				AF91C1691CD753E900633754 /* Assets.xcassets */,
				AF91C16B1CD753E900633754 /* LaunchScreen.storyboard */,
				AF91C16E1CD753E900633754 /* Info.plist */,
			);
			path = Jokes;
			sourceTree = "<group>";
		};
		AF91C1761CD753EA00633754 /* JokesTests */ = {
			isa = PBXGroup;
			children = (
				AF91C1771CD753EA00633754 /* JokesTests.swift */,
				AF91C1791CD753EA00633754 /* Info.plist */,
			);
			path = JokesTests;
			sourceTree = "<group>";
		};
		AF91C1811CD753EA00633754 /* JokesUITests */ = {
			isa = PBXGroup;
			children = (
				AF91C1821CD753EA00633754 /* JokesUITests.swift */,
				AF91C1841CD753EA00633754 /* Info.plist */,
			);
			path = JokesUITests;
			sourceTree = "<group>";
		};
		AF91C1CA1CD7579300633754 /* Utility */ = {
			isa = PBXGroup;
			children = (
				AF91C1DD1CD7597700633754 /* Constants.swift */,
			);
			name = Utility;
			sourceTree = "<group>";
		};
		AF91C1CB1CD7579F00633754 /* Service */ = {
			isa = PBXGroup;
			children = (
				AF91C1DB1CD7596900633754 /* DataService.swift */,
			);
			name = Service;
			sourceTree = "<group>";
		};
		AF91C1CC1CD757A800633754 /* Model */ = {
			isa = PBXGroup;
			children = (
				AF91C1D91CD7595B00633754 /* Joke.swift */,
			);
			name = Model;
			sourceTree = "<group>";
		};
		AF91C1CD1CD757AE00633754 /* Controller */ = {
			isa = PBXGroup;
			children = (
				AF91C1D11CD7590B00633754 /* LoginViewController.swift */,
				AF91C1D31CD7591B00633754 /* CreateAccountViewController.swift */,
				AF91C1D71CD7594700633754 /* JokesFeedTableViewController.swift */,
				AF91C1D51CD7593100633754 /* AddJokeViewController.swift */,
			);
			name = Controller;
			sourceTree = "<group>";
		};
		AF91C1CE1CD757B600633754 /* View */ = {
			isa = PBXGroup;
			children = (
				AF91C1CF1CD758DE00633754 /* JokeCellTableViewCell.swift */,
			);
			name = View;
			sourceTree = "<group>";
		};
		AF91C1E61CD7794F00633754 /* Frameworks */ = {
			isa = PBXGroup;
			children = (
				AF91C1E71CD7796700633754 /* Bolts.framework */,
				AF91C1E81CD7796700633754 /* FBSDKCoreKit.framework */,
				AF91C1E91CD7796700633754 /* FBSDKLoginKit.framework */,
			);
			name = Frameworks;
			sourceTree = "<group>";
		};
/* End PBXGroup section */

/* Begin PBXNativeTarget section */
		AF91C15E1CD753E900633754 /* Jokes */ = {
			isa = PBXNativeTarget;
			buildConfigurationList = AF91C1871CD753EA00633754 /* Build configuration list for PBXNativeTarget "Jokes" */;
			buildPhases = (
				9A04CA118E7C4506D8BE2465 /* Check Pods Manifest.lock */,
				AF91C15B1CD753E900633754 /* Sources */,
				AF91C15C1CD753E900633754 /* Frameworks */,
				AF91C15D1CD753E900633754 /* Resources */,
				F39431136F221F87E09906FB /* Embed Pods Frameworks */,
				0AFD2F39057D237AE5F218A3 /* Copy Pods Resources */,
			);
			buildRules = (
			);
			dependencies = (
			);
			name = Jokes;
			productName = Jokes;
			productReference = AF91C15F1CD753E900633754 /* Jokes.app */;
			productType = "com.apple.product-type.application";
		};
		AF91C1721CD753EA00633754 /* JokesTests */ = {
			isa = PBXNativeTarget;
			buildConfigurationList = AF91C18A1CD753EA00633754 /* Build configuration list for PBXNativeTarget "JokesTests" */;
			buildPhases = (
				AF91C16F1CD753EA00633754 /* Sources */,
				AF91C1701CD753EA00633754 /* Frameworks */,
				AF91C1711CD753EA00633754 /* Resources */,
			);
			buildRules = (
			);
			dependencies = (
				AF91C1751CD753EA00633754 /* PBXTargetDependency */,
			);
			name = JokesTests;
			productName = JokesTests;
			productReference = AF91C1731CD753EA00633754 /* JokesTests.xctest */;
			productType = "com.apple.product-type.bundle.unit-test";
		};
		AF91C17D1CD753EA00633754 /* JokesUITests */ = {
			isa = PBXNativeTarget;
			buildConfigurationList = AF91C18D1CD753EA00633754 /* Build configuration list for PBXNativeTarget "JokesUITests" */;
			buildPhases = (
				AF91C17A1CD753EA00633754 /* Sources */,
				AF91C17B1CD753EA00633754 /* Frameworks */,
				AF91C17C1CD753EA00633754 /* Resources */,
			);
			buildRules = (
			);
			dependencies = (
				AF91C1801CD753EA00633754 /* PBXTargetDependency */,
			);
			name = JokesUITests;
			productName = JokesUITests;
			productReference = AF91C17E1CD753EA00633754 /* JokesUITests.xctest */;
			productType = "com.apple.product-type.bundle.ui-testing";
		};
/* End PBXNativeTarget section */

/* Begin PBXProject section */
		AF91C1571CD753E900633754 /* Project object */ = {
			isa = PBXProject;
			attributes = {
				LastSwiftUpdateCheck = 0730;
				LastUpgradeCheck = 0730;
				ORGANIZATIONNAME = "Abdelrahman Mohamed";
				TargetAttributes = {
					AF91C15E1CD753E900633754 = {
						CreatedOnToolsVersion = 7.3;
						DevelopmentTeam = 6KNM32Y4FM;
					};
					AF91C1721CD753EA00633754 = {
						CreatedOnToolsVersion = 7.3;
						DevelopmentTeam = 6KNM32Y4FM;
						TestTargetID = AF91C15E1CD753E900633754;
					};
					AF91C17D1CD753EA00633754 = {
						CreatedOnToolsVersion = 7.3;
						DevelopmentTeam = 6KNM32Y4FM;
						TestTargetID = AF91C15E1CD753E900633754;
					};
				};
			};
			buildConfigurationList = AF91C15A1CD753E900633754 /* Build configuration list for PBXProject "Jokes" */;
			compatibilityVersion = "Xcode 3.2";
			developmentRegion = English;
			hasScannedForEncodings = 0;
			knownRegions = (
				en,
				Base,
			);
			mainGroup = AF91C1561CD753E900633754;
			productRefGroup = AF91C1601CD753E900633754 /* Products */;
			projectDirPath = "";
			projectRoot = "";
			targets = (
				AF91C15E1CD753E900633754 /* Jokes */,
				AF91C1721CD753EA00633754 /* JokesTests */,
				AF91C17D1CD753EA00633754 /* JokesUITests */,
			);
		};
/* End PBXProject section */

/* Begin PBXResourcesBuildPhase section */
		AF91C15D1CD753E900633754 /* Resources */ = {
			isa = PBXResourcesBuildPhase;
			buildActionMask = 2147483647;
			files = (
				AF91C16D1CD753E900633754 /* LaunchScreen.storyboard in Resources */,
				AF91C16A1CD753E900633754 /* Assets.xcassets in Resources */,
				AF91C1681CD753E900633754 /* Main.storyboard in Resources */,
			);
			runOnlyForDeploymentPostprocessing = 0;
		};
		AF91C1711CD753EA00633754 /* Resources */ = {
			isa = PBXResourcesBuildPhase;
			buildActionMask = 2147483647;
			files = (
			);
			runOnlyForDeploymentPostprocessing = 0;
		};
		AF91C17C1CD753EA00633754 /* Resources */ = {
			isa = PBXResourcesBuildPhase;
			buildActionMask = 2147483647;
			files = (
			);
			runOnlyForDeploymentPostprocessing = 0;
		};
/* End PBXResourcesBuildPhase section */

/* Begin PBXShellScriptBuildPhase section */
		0AFD2F39057D237AE5F218A3 /* Copy Pods Resources */ = {
			isa = PBXShellScriptBuildPhase;
			buildActionMask = 2147483647;
			files = (
			);
			inputPaths = (
			);
			name = "Copy Pods Resources";
			outputPaths = (
			);
			runOnlyForDeploymentPostprocessing = 0;
			shellPath = /bin/sh;
			shellScript = "\"${SRCROOT}/Pods/Target Support Files/Pods-Jokes/Pods-Jokes-resources.sh\"\n";
			showEnvVarsInLog = 0;
		};
		9A04CA118E7C4506D8BE2465 /* Check Pods Manifest.lock */ = {
			isa = PBXShellScriptBuildPhase;
			buildActionMask = 2147483647;
			files = (
			);
			inputPaths = (
			);
			name = "Check Pods Manifest.lock";
			outputPaths = (
			);
			runOnlyForDeploymentPostprocessing = 0;
			shellPath = /bin/sh;
			shellScript = "diff \"${PODS_ROOT}/../Podfile.lock\" \"${PODS_ROOT}/Manifest.lock\" > /dev/null\nif [[ $? != 0 ]] ; then\n    cat << EOM\nerror: The sandbox is not in sync with the Podfile.lock. Run 'pod install' or update your CocoaPods installation.\nEOM\n    exit 1\nfi\n";
			showEnvVarsInLog = 0;
		};
		F39431136F221F87E09906FB /* Embed Pods Frameworks */ = {
			isa = PBXShellScriptBuildPhase;
			buildActionMask = 2147483647;
			files = (
			);
			inputPaths = (
			);
			name = "Embed Pods Frameworks";
			outputPaths = (
			);
			runOnlyForDeploymentPostprocessing = 0;
			shellPath = /bin/sh;
			shellScript = "\"${SRCROOT}/Pods/Target Support Files/Pods-Jokes/Pods-Jokes-frameworks.sh\"\n";
			showEnvVarsInLog = 0;
		};
/* End PBXShellScriptBuildPhase section */

/* Begin PBXSourcesBuildPhase section */
		AF91C15B1CD753E900633754 /* Sources */ = {
			isa = PBXSourcesBuildPhase;
			buildActionMask = 2147483647;
			files = (
				AF91C1D81CD7594700633754 /* JokesFeedTableViewController.swift in Sources */,
				AF91C1D41CD7591B00633754 /* CreateAccountViewController.swift in Sources */,
				AF91C1D21CD7590B00633754 /* LoginViewController.swift in Sources */,
				AF91C1D61CD7593100633754 /* AddJokeViewController.swift in Sources */,
				AF91C1D01CD758DE00633754 /* JokeCellTableViewCell.swift in Sources */,
				AF91C1631CD753E900633754 /* AppDelegate.swift in Sources */,
				AF91C1DA1CD7595B00633754 /* Joke.swift in Sources */,
				AF91C1DC1CD7596900633754 /* DataService.swift in Sources */,
				AF91C1DE1CD7597700633754 /* Constants.swift in Sources */,
			);
			runOnlyForDeploymentPostprocessing = 0;
		};
		AF91C16F1CD753EA00633754 /* Sources */ = {
			isa = PBXSourcesBuildPhase;
			buildActionMask = 2147483647;
			files = (
				AF91C1781CD753EA00633754 /* JokesTests.swift in Sources */,
			);
			runOnlyForDeploymentPostprocessing = 0;
		};
		AF91C17A1CD753EA00633754 /* Sources */ = {
			isa = PBXSourcesBuildPhase;
			buildActionMask = 2147483647;
			files = (
				AF91C1831CD753EA00633754 /* JokesUITests.swift in Sources */,
			);
			runOnlyForDeploymentPostprocessing = 0;
		};
/* End PBXSourcesBuildPhase section */

/* Begin PBXTargetDependency section */
		AF91C1751CD753EA00633754 /* PBXTargetDependency */ = {
			isa = PBXTargetDependency;
			target = AF91C15E1CD753E900633754 /* Jokes */;
			targetProxy = AF91C1741CD753EA00633754 /* PBXContainerItemProxy */;
		};
		AF91C1801CD753EA00633754 /* PBXTargetDependency */ = {
			isa = PBXTargetDependency;
			target = AF91C15E1CD753E900633754 /* Jokes */;
			targetProxy = AF91C17F1CD753EA00633754 /* PBXContainerItemProxy */;
		};
/* End PBXTargetDependency section */

/* Begin PBXVariantGroup section */
		AF91C1661CD753E900633754 /* Main.storyboard */ = {
			isa = PBXVariantGroup;
			children = (
				AF91C1671CD753E900633754 /* Base */,
			);
			name = Main.storyboard;
			sourceTree = "<group>";
		};
		AF91C16B1CD753E900633754 /* LaunchScreen.storyboard */ = {
			isa = PBXVariantGroup;
			children = (
				AF91C16C1CD753E900633754 /* Base */,
			);
			name = LaunchScreen.storyboard;
			sourceTree = "<group>";
		};
/* End PBXVariantGroup section */

/* Begin XCBuildConfiguration section */
		AF91C1851CD753EA00633754 /* Debug */ = {
			isa = XCBuildConfiguration;
			buildSettings = {
				ALWAYS_SEARCH_USER_PATHS = NO;
				CLANG_ANALYZER_NONNULL = YES;
				CLANG_CXX_LANGUAGE_STANDARD = "gnu++0x";
				CLANG_CXX_LIBRARY = "libc++";
				CLANG_ENABLE_MODULES = YES;
				CLANG_ENABLE_OBJC_ARC = YES;
				CLANG_WARN_BOOL_CONVERSION = YES;
				CLANG_WARN_CONSTANT_CONVERSION = YES;
				CLANG_WARN_DIRECT_OBJC_ISA_USAGE = YES_ERROR;
				CLANG_WARN_EMPTY_BODY = YES;
				CLANG_WARN_ENUM_CONVERSION = YES;
				CLANG_WARN_INT_CONVERSION = YES;
				CLANG_WARN_OBJC_ROOT_CLASS = YES_ERROR;
				CLANG_WARN_UNREACHABLE_CODE = YES;
				CLANG_WARN__DUPLICATE_METHOD_MATCH = YES;
				"CODE_SIGN_IDENTITY[sdk=iphoneos*]" = "iPhone Developer";
				COPY_PHASE_STRIP = NO;
				DEBUG_INFORMATION_FORMAT = dwarf;
				ENABLE_STRICT_OBJC_MSGSEND = YES;
				ENABLE_TESTABILITY = YES;
				GCC_C_LANGUAGE_STANDARD = gnu99;
				GCC_DYNAMIC_NO_PIC = NO;
				GCC_NO_COMMON_BLOCKS = YES;
				GCC_OPTIMIZATION_LEVEL = 0;
				GCC_PREPROCESSOR_DEFINITIONS = (
					"DEBUG=1",
					"$(inherited)",
				);
				GCC_WARN_64_TO_32_BIT_CONVERSION = YES;
				GCC_WARN_ABOUT_RETURN_TYPE = YES_ERROR;
				GCC_WARN_UNDECLARED_SELECTOR = YES;
				GCC_WARN_UNINITIALIZED_AUTOS = YES_AGGRESSIVE;
				GCC_WARN_UNUSED_FUNCTION = YES;
				GCC_WARN_UNUSED_VARIABLE = YES;
				IPHONEOS_DEPLOYMENT_TARGET = 9.3;
				MTL_ENABLE_DEBUG_INFO = YES;
				ONLY_ACTIVE_ARCH = YES;
				SDKROOT = iphoneos;
				SWIFT_OPTIMIZATION_LEVEL = "-Onone";
				TARGETED_DEVICE_FAMILY = "1,2";
			};
			name = Debug;
		};
		AF91C1861CD753EA00633754 /* Release */ = {
			isa = XCBuildConfiguration;
			buildSettings = {
				ALWAYS_SEARCH_USER_PATHS = NO;
				CLANG_ANALYZER_NONNULL = YES;
				CLANG_CXX_LANGUAGE_STANDARD = "gnu++0x";
				CLANG_CXX_LIBRARY = "libc++";
				CLANG_ENABLE_MODULES = YES;
				CLANG_ENABLE_OBJC_ARC = YES;
				CLANG_WARN_BOOL_CONVERSION = YES;
				CLANG_WARN_CONSTANT_CONVERSION = YES;
				CLANG_WARN_DIRECT_OBJC_ISA_USAGE = YES_ERROR;
				CLANG_WARN_EMPTY_BODY = YES;
				CLANG_WARN_ENUM_CONVERSION = YES;
				CLANG_WARN_INT_CONVERSION = YES;
				CLANG_WARN_OBJC_ROOT_CLASS = YES_ERROR;
				CLANG_WARN_UNREACHABLE_CODE = YES;
				CLANG_WARN__DUPLICATE_METHOD_MATCH = YES;
				"CODE_SIGN_IDENTITY[sdk=iphoneos*]" = "iPhone Developer";
				COPY_PHASE_STRIP = NO;
				DEBUG_INFORMATION_FORMAT = "dwarf-with-dsym";
				ENABLE_NS_ASSERTIONS = NO;
				ENABLE_STRICT_OBJC_MSGSEND = YES;
				GCC_C_LANGUAGE_STANDARD = gnu99;
				GCC_NO_COMMON_BLOCKS = YES;
				GCC_WARN_64_TO_32_BIT_CONVERSION = YES;
				GCC_WARN_ABOUT_RETURN_TYPE = YES_ERROR;
				GCC_WARN_UNDECLARED_SELECTOR = YES;
				GCC_WARN_UNINITIALIZED_AUTOS = YES_AGGRESSIVE;
				GCC_WARN_UNUSED_FUNCTION = YES;
				GCC_WARN_UNUSED_VARIABLE = YES;
				IPHONEOS_DEPLOYMENT_TARGET = 9.3;
				MTL_ENABLE_DEBUG_INFO = NO;
				SDKROOT = iphoneos;
				TARGETED_DEVICE_FAMILY = "1,2";
				VALIDATE_PRODUCT = YES;
			};
			name = Release;
		};
		AF91C1881CD753EA00633754 /* Debug */ = {
			isa = XCBuildConfiguration;
			baseConfigurationReference = B45DA3569F15DFF8765ABC6F /* Pods-Jokes.debug.xcconfig */;
			buildSettings = {
				ASSETCATALOG_COMPILER_APPICON_NAME = AppIcon;
				CODE_SIGN_IDENTITY = "iPhone Developer";
				"CODE_SIGN_IDENTITY[sdk=iphoneos*]" = "iPhone Developer";
				FRAMEWORK_SEARCH_PATHS = (
					"$(inherited)",
					"$(PROJECT_DIR)/Jokes",
				);
				INFOPLIST_FILE = Jokes/Info.plist;
				LD_RUNPATH_SEARCH_PATHS = "$(inherited) @executable_path/Frameworks";
				PRODUCT_BUNDLE_IDENTIFIER = au.com.molutions.Jokes;
				PRODUCT_NAME = "$(TARGET_NAME)";
				PROVISIONING_PROFILE = "";
			};
			name = Debug;
		};
		AF91C1891CD753EA00633754 /* Release */ = {
			isa = XCBuildConfiguration;
			baseConfigurationReference = 3D3C6E772D265048363517BC /* Pods-Jokes.release.xcconfig */;
			buildSettings = {
				ASSETCATALOG_COMPILER_APPICON_NAME = AppIcon;
				CODE_SIGN_IDENTITY = "iPhone Developer";
				"CODE_SIGN_IDENTITY[sdk=iphoneos*]" = "iPhone Developer";
				FRAMEWORK_SEARCH_PATHS = (
					"$(inherited)",
					"$(PROJECT_DIR)/Jokes",
				);
				INFOPLIST_FILE = Jokes/Info.plist;
				LD_RUNPATH_SEARCH_PATHS = "$(inherited) @executable_path/Frameworks";
				PRODUCT_BUNDLE_IDENTIFIER = au.com.molutions.Jokes;
				PRODUCT_NAME = "$(TARGET_NAME)";
				PROVISIONING_PROFILE = "";
			};
			name = Release;
		};
		AF91C18B1CD753EA00633754 /* Debug */ = {
			isa = XCBuildConfiguration;
			buildSettings = {
				BUNDLE_LOADER = "$(TEST_HOST)";
				INFOPLIST_FILE = JokesTests/Info.plist;
				LD_RUNPATH_SEARCH_PATHS = "$(inherited) @executable_path/Frameworks @loader_path/Frameworks";
				PRODUCT_BUNDLE_IDENTIFIER = au.com.molutions.JokesTests;
				PRODUCT_NAME = "$(TARGET_NAME)";
				TEST_HOST = "$(BUILT_PRODUCTS_DIR)/Jokes.app/Jokes";
			};
			name = Debug;
		};
		AF91C18C1CD753EA00633754 /* Release */ = {
			isa = XCBuildConfiguration;
			buildSettings = {
				BUNDLE_LOADER = "$(TEST_HOST)";
				INFOPLIST_FILE = JokesTests/Info.plist;
				LD_RUNPATH_SEARCH_PATHS = "$(inherited) @executable_path/Frameworks @loader_path/Frameworks";
				PRODUCT_BUNDLE_IDENTIFIER = au.com.molutions.JokesTests;
				PRODUCT_NAME = "$(TARGET_NAME)";
				TEST_HOST = "$(BUILT_PRODUCTS_DIR)/Jokes.app/Jokes";
			};
			name = Release;
		};
		AF91C18E1CD753EA00633754 /* Debug */ = {
			isa = XCBuildConfiguration;
			buildSettings = {
				INFOPLIST_FILE = JokesUITests/Info.plist;
				LD_RUNPATH_SEARCH_PATHS = "$(inherited) @executable_path/Frameworks @loader_path/Frameworks";
				PRODUCT_BUNDLE_IDENTIFIER = au.com.molutions.JokesUITests;
				PRODUCT_NAME = "$(TARGET_NAME)";
				TEST_TARGET_NAME = Jokes;
			};
			name = Debug;
		};
		AF91C18F1CD753EA00633754 /* Release */ = {
			isa = XCBuildConfiguration;
			buildSettings = {
				INFOPLIST_FILE = JokesUITests/Info.plist;
				LD_RUNPATH_SEARCH_PATHS = "$(inherited) @executable_path/Frameworks @loader_path/Frameworks";
				PRODUCT_BUNDLE_IDENTIFIER = au.com.molutions.JokesUITests;
				PRODUCT_NAME = "$(TARGET_NAME)";
				TEST_TARGET_NAME = Jokes;
			};
			name = Release;
		};
/* End XCBuildConfiguration section */

/* Begin XCConfigurationList section */
		AF91C15A1CD753E900633754 /* Build configuration list for PBXProject "Jokes" */ = {
			isa = XCConfigurationList;
			buildConfigurations = (
				AF91C1851CD753EA00633754 /* Debug */,
				AF91C1861CD753EA00633754 /* Release */,
			);
			defaultConfigurationIsVisible = 0;
			defaultConfigurationName = Release;
		};
		AF91C1871CD753EA00633754 /* Build configuration list for PBXNativeTarget "Jokes" */ = {
			isa = XCConfigurationList;
			buildConfigurations = (
				AF91C1881CD753EA00633754 /* Debug */,
				AF91C1891CD753EA00633754 /* Release */,
			);
			defaultConfigurationIsVisible = 0;
			defaultConfigurationName = Release;
		};
		AF91C18A1CD753EA00633754 /* Build configuration list for PBXNativeTarget "JokesTests" */ = {
			isa = XCConfigurationList;
			buildConfigurations = (
				AF91C18B1CD753EA00633754 /* Debug */,
				AF91C18C1CD753EA00633754 /* Release */,
			);
			defaultConfigurationIsVisible = 0;
			defaultConfigurationName = Release;
		};
		AF91C18D1CD753EA00633754 /* Build configuration list for PBXNativeTarget "JokesUITests" */ = {
			isa = XCConfigurationList;
			buildConfigurations = (
				AF91C18E1CD753EA00633754 /* Debug */,
				AF91C18F1CD753EA00633754 /* Release */,
			);
			defaultConfigurationIsVisible = 0;
			defaultConfigurationName = Release;
		};
/* End XCConfigurationList section */
	};
	rootObject = AF91C1571CD753E900633754 /* Project object */;
}
